
Microsoft Visual Studio Solution File, Format Version 12.00
# Visual Studio Version 17
VisualStudioVersion = 17.8.34330.188
MinimumVisualStudioVersion = 10.0.40219.1
Project("{FAE04EC0-301F-11D3-BF4B-00C04F79EFBC}") = "Engine", "Engine\Engine.csproj", "{6561B7D0-5CC5-4BD4-82FD-FB704E19CE6F}"
EndProject
Global
	GlobalSection(SolutionConfigurationPlatforms) = preSolution
		Debug|Any CPU = Debug|Any CPU
		Release|Any CPU = Release|Any CPU
	EndGlobalSection
	GlobalSection(ProjectConfigurationPlatforms) = postSolution
		{6561B7D0-5CC5-4BD4-82FD-FB704E19CE6F}.Debug|Any CPU.ActiveCfg = Debug|Any CPU
		{6561B7D0-5CC5-4BD4-82FD-FB704E19CE6F}.Debug|Any CPU.Build.0 = Debug|Any CPU
		{6561B7D0-5CC5-4BD4-82FD-FB704E19CE6F}.Release|Any CPU.ActiveCfg = Release|Any CPU
		{6561B7D0-5CC5-4BD4-82FD-FB704E19CE6F}.Release|Any CPU.Build.0 = Release|Any CPU
	EndGlobalSection
	GlobalSection(SolutionProperties) = preSolution
		HideSolutionNode = FALSE
	EndGlobalSection
	GlobalSection(ExtensibilityGlobals) = postSolution
		SolutionGuid = {8728132F-4BC5-4132-8DE4-B8F7E678764A}
	EndGlobalSection
EndGlobal
